
Microsoft Visual Studio Solution File, Format Version 12.00
# Visual Studio 15
VisualStudioVersion = 15.0.28010.2048
MinimumVisualStudioVersion = 10.0.40219.1
Project("{FAE04EC0-301F-11D3-BF4B-00C04F79EFBC}") = "pt3.2", "pt3.2\pt3.2.csproj", "{2EA5BA4E-7C61-44EA-9BC2-292DB30C95F9}"
EndProject
Global
	GlobalSection(SolutionConfigurationPlatforms) = preSolution
		Debug|Any CPU = Debug|Any CPU
		Release|Any CPU = Release|Any CPU
	EndGlobalSection
	GlobalSection(ProjectConfigurationPlatforms) = postSolution
		{2EA5BA4E-7C61-44EA-9BC2-292DB30C95F9}.Debug|Any CPU.ActiveCfg = Debug|Any CPU
		{2EA5BA4E-7C61-44EA-9BC2-292DB30C95F9}.Debug|Any CPU.Build.0 = Debug|Any CPU
		{2EA5BA4E-7C61-44EA-9BC2-292DB30C95F9}.Release|Any CPU.ActiveCfg = Release|Any CPU
		{2EA5BA4E-7C61-44EA-9BC2-292DB30C95F9}.Release|Any CPU.Build.0 = Release|Any CPU
	EndGlobalSection
	GlobalSection(SolutionProperties) = preSolution
		HideSolutionNode = FALSE
	EndGlobalSection
	GlobalSection(ExtensibilityGlobals) = postSolution
		SolutionGuid = {1CCCB89B-4686-4282-9DD8-3C1C93F01594}
	EndGlobalSection
EndGlobal
