
Microsoft Visual Studio Solution File, Format Version 12.00
# Visual Studio 15
VisualStudioVersion = 15.0.28010.2048
MinimumVisualStudioVersion = 10.0.40219.1
Project("{FAE04EC0-301F-11D3-BF4B-00C04F79EFBC}") = "pt1.3", "pt1.3\pt1.3.csproj", "{DEBF94AD-27FF-4B80-96AF-947970ACB968}"
EndProject
Global
	GlobalSection(SolutionConfigurationPlatforms) = preSolution
		Debug|Any CPU = Debug|Any CPU
		Release|Any CPU = Release|Any CPU
	EndGlobalSection
	GlobalSection(ProjectConfigurationPlatforms) = postSolution
		{DEBF94AD-27FF-4B80-96AF-947970ACB968}.Debug|Any CPU.ActiveCfg = Debug|Any CPU
		{DEBF94AD-27FF-4B80-96AF-947970ACB968}.Debug|Any CPU.Build.0 = Debug|Any CPU
		{DEBF94AD-27FF-4B80-96AF-947970ACB968}.Release|Any CPU.ActiveCfg = Release|Any CPU
		{DEBF94AD-27FF-4B80-96AF-947970ACB968}.Release|Any CPU.Build.0 = Release|Any CPU
	EndGlobalSection
	GlobalSection(SolutionProperties) = preSolution
		HideSolutionNode = FALSE
	EndGlobalSection
	GlobalSection(ExtensibilityGlobals) = postSolution
		SolutionGuid = {7F8C41FD-4281-4A77-8CBB-09E9FC49456B}
	EndGlobalSection
EndGlobal
