
Microsoft Visual Studio Solution File, Format Version 12.00
# Visual Studio 15
VisualStudioVersion = 15.0.28307.438
MinimumVisualStudioVersion = 10.0.40219.1
Project("{FAE04EC0-301F-11D3-BF4B-00C04F79EFBC}") = "nightmaher", "nightmaher\nightmaher.csproj", "{AB26AA10-594F-4AEC-A36D-82B6D5282D3C}"
EndProject
Global
	GlobalSection(SolutionConfigurationPlatforms) = preSolution
		Debug|Any CPU = Debug|Any CPU
		Release|Any CPU = Release|Any CPU
	EndGlobalSection
	GlobalSection(ProjectConfigurationPlatforms) = postSolution
		{AB26AA10-594F-4AEC-A36D-82B6D5282D3C}.Debug|Any CPU.ActiveCfg = Debug|Any CPU
		{AB26AA10-594F-4AEC-A36D-82B6D5282D3C}.Debug|Any CPU.Build.0 = Debug|Any CPU
		{AB26AA10-594F-4AEC-A36D-82B6D5282D3C}.Release|Any CPU.ActiveCfg = Release|Any CPU
		{AB26AA10-594F-4AEC-A36D-82B6D5282D3C}.Release|Any CPU.Build.0 = Release|Any CPU
	EndGlobalSection
	GlobalSection(SolutionProperties) = preSolution
		HideSolutionNode = FALSE
	EndGlobalSection
	GlobalSection(ExtensibilityGlobals) = postSolution
		SolutionGuid = {F4FA5A15-2008-4B5C-B74D-AF4238AFD476}
	EndGlobalSection
EndGlobal
