
Microsoft Visual Studio Solution File, Format Version 12.00
# Visual Studio Version 16
VisualStudioVersion = 16.0.28729.10
MinimumVisualStudioVersion = 10.0.40219.1
Project("{9A19103F-16F7-4668-BE54-9A1E7A4F7556}") = "pt2.2", "pt2.2\pt2.2.csproj", "{AAB5AB23-015C-4604-9474-98410052E306}"
EndProject
Project("{FAE04EC0-301F-11D3-BF4B-00C04F79EFBC}") = "Nightmaher", "Nightmaher\Nightmaher.csproj", "{537FF9E5-61D9-4B32-94BD-60B361FBA0A7}"
EndProject
Project("{FAE04EC0-301F-11D3-BF4B-00C04F79EFBC}") = "Nightmaher.wpf", "Nightmaher.wpf\Nightmaher.wpf.csproj", "{F9D7926D-CB70-4101-9C83-918073CB7E55}"
EndProject
Project("{FAE04EC0-301F-11D3-BF4B-00C04F79EFBC}") = "Nightmaher.Core", "Nightmaher.Core\Nightmaher.Core.csproj", "{C1073967-6B4B-4ACF-874D-A4EEB56AEE37}"
EndProject
Global
	GlobalSection(SolutionConfigurationPlatforms) = preSolution
		Debug|Any CPU = Debug|Any CPU
		Debug|ARM = Debug|ARM
		Debug|ARM64 = Debug|ARM64
		Debug|x64 = Debug|x64
		Debug|x86 = Debug|x86
		Release|Any CPU = Release|Any CPU
		Release|ARM = Release|ARM
		Release|ARM64 = Release|ARM64
		Release|x64 = Release|x64
		Release|x86 = Release|x86
	EndGlobalSection
	GlobalSection(ProjectConfigurationPlatforms) = postSolution
		{AAB5AB23-015C-4604-9474-98410052E306}.Debug|Any CPU.ActiveCfg = Debug|Any CPU
		{AAB5AB23-015C-4604-9474-98410052E306}.Debug|Any CPU.Build.0 = Debug|Any CPU
		{AAB5AB23-015C-4604-9474-98410052E306}.Debug|ARM.ActiveCfg = Debug|Any CPU
		{AAB5AB23-015C-4604-9474-98410052E306}.Debug|ARM.Build.0 = Debug|Any CPU
		{AAB5AB23-015C-4604-9474-98410052E306}.Debug|ARM64.ActiveCfg = Debug|Any CPU
		{AAB5AB23-015C-4604-9474-98410052E306}.Debug|ARM64.Build.0 = Debug|Any CPU
		{AAB5AB23-015C-4604-9474-98410052E306}.Debug|x64.ActiveCfg = Debug|Any CPU
		{AAB5AB23-015C-4604-9474-98410052E306}.Debug|x64.Build.0 = Debug|Any CPU
		{AAB5AB23-015C-4604-9474-98410052E306}.Debug|x86.ActiveCfg = Debug|Any CPU
		{AAB5AB23-015C-4604-9474-98410052E306}.Debug|x86.Build.0 = Debug|Any CPU
		{AAB5AB23-015C-4604-9474-98410052E306}.Release|Any CPU.ActiveCfg = Release|Any CPU
		{AAB5AB23-015C-4604-9474-98410052E306}.Release|Any CPU.Build.0 = Release|Any CPU
		{AAB5AB23-015C-4604-9474-98410052E306}.Release|ARM.ActiveCfg = Release|Any CPU
		{AAB5AB23-015C-4604-9474-98410052E306}.Release|ARM.Build.0 = Release|Any CPU
		{AAB5AB23-015C-4604-9474-98410052E306}.Release|ARM64.ActiveCfg = Release|Any CPU
		{AAB5AB23-015C-4604-9474-98410052E306}.Release|ARM64.Build.0 = Release|Any CPU
		{AAB5AB23-015C-4604-9474-98410052E306}.Release|x64.ActiveCfg = Release|Any CPU
		{AAB5AB23-015C-4604-9474-98410052E306}.Release|x64.Build.0 = Release|Any CPU
		{AAB5AB23-015C-4604-9474-98410052E306}.Release|x86.ActiveCfg = Release|Any CPU
		{AAB5AB23-015C-4604-9474-98410052E306}.Release|x86.Build.0 = Release|Any CPU
		{537FF9E5-61D9-4B32-94BD-60B361FBA0A7}.Debug|Any CPU.ActiveCfg = Debug|Any CPU
		{537FF9E5-61D9-4B32-94BD-60B361FBA0A7}.Debug|Any CPU.Build.0 = Debug|Any CPU
		{537FF9E5-61D9-4B32-94BD-60B361FBA0A7}.Debug|ARM.ActiveCfg = Debug|Any CPU
		{537FF9E5-61D9-4B32-94BD-60B361FBA0A7}.Debug|ARM.Build.0 = Debug|Any CPU
		{537FF9E5-61D9-4B32-94BD-60B361FBA0A7}.Debug|ARM64.ActiveCfg = Debug|Any CPU
		{537FF9E5-61D9-4B32-94BD-60B361FBA0A7}.Debug|ARM64.Build.0 = Debug|Any CPU
		{537FF9E5-61D9-4B32-94BD-60B361FBA0A7}.Debug|x64.ActiveCfg = Debug|Any CPU
		{537FF9E5-61D9-4B32-94BD-60B361FBA0A7}.Debug|x64.Build.0 = Debug|Any CPU
		{537FF9E5-61D9-4B32-94BD-60B361FBA0A7}.Debug|x86.ActiveCfg = Debug|Any CPU
		{537FF9E5-61D9-4B32-94BD-60B361FBA0A7}.Debug|x86.Build.0 = Debug|Any CPU
		{537FF9E5-61D9-4B32-94BD-60B361FBA0A7}.Release|Any CPU.ActiveCfg = Release|Any CPU
		{537FF9E5-61D9-4B32-94BD-60B361FBA0A7}.Release|Any CPU.Build.0 = Release|Any CPU
		{537FF9E5-61D9-4B32-94BD-60B361FBA0A7}.Release|ARM.ActiveCfg = Release|Any CPU
		{537FF9E5-61D9-4B32-94BD-60B361FBA0A7}.Release|ARM.Build.0 = Release|Any CPU
		{537FF9E5-61D9-4B32-94BD-60B361FBA0A7}.Release|ARM64.ActiveCfg = Release|Any CPU
		{537FF9E5-61D9-4B32-94BD-60B361FBA0A7}.Release|ARM64.Build.0 = Release|Any CPU
		{537FF9E5-61D9-4B32-94BD-60B361FBA0A7}.Release|x64.ActiveCfg = Release|Any CPU
		{537FF9E5-61D9-4B32-94BD-60B361FBA0A7}.Release|x64.Build.0 = Release|Any CPU
		{537FF9E5-61D9-4B32-94BD-60B361FBA0A7}.Release|x86.ActiveCfg = Release|Any CPU
		{537FF9E5-61D9-4B32-94BD-60B361FBA0A7}.Release|x86.Build.0 = Release|Any CPU
		{F9D7926D-CB70-4101-9C83-918073CB7E55}.Debug|Any CPU.ActiveCfg = Debug|Any CPU
		{F9D7926D-CB70-4101-9C83-918073CB7E55}.Debug|Any CPU.Build.0 = Debug|Any CPU
		{F9D7926D-CB70-4101-9C83-918073CB7E55}.Debug|ARM.ActiveCfg = Debug|Any CPU
		{F9D7926D-CB70-4101-9C83-918073CB7E55}.Debug|ARM.Build.0 = Debug|Any CPU
		{F9D7926D-CB70-4101-9C83-918073CB7E55}.Debug|ARM64.ActiveCfg = Debug|Any CPU
		{F9D7926D-CB70-4101-9C83-918073CB7E55}.Debug|ARM64.Build.0 = Debug|Any CPU
		{F9D7926D-CB70-4101-9C83-918073CB7E55}.Debug|x64.ActiveCfg = Debug|Any CPU
		{F9D7926D-CB70-4101-9C83-918073CB7E55}.Debug|x64.Build.0 = Debug|Any CPU
		{F9D7926D-CB70-4101-9C83-918073CB7E55}.Debug|x86.ActiveCfg = Debug|Any CPU
		{F9D7926D-CB70-4101-9C83-918073CB7E55}.Debug|x86.Build.0 = Debug|Any CPU
		{F9D7926D-CB70-4101-9C83-918073CB7E55}.Release|Any CPU.ActiveCfg = Release|Any CPU
		{F9D7926D-CB70-4101-9C83-918073CB7E55}.Release|Any CPU.Build.0 = Release|Any CPU
		{F9D7926D-CB70-4101-9C83-918073CB7E55}.Release|ARM.ActiveCfg = Release|Any CPU
		{F9D7926D-CB70-4101-9C83-918073CB7E55}.Release|ARM.Build.0 = Release|Any CPU
		{F9D7926D-CB70-4101-9C83-918073CB7E55}.Release|ARM64.ActiveCfg = Release|Any CPU
		{F9D7926D-CB70-4101-9C83-918073CB7E55}.Release|ARM64.Build.0 = Release|Any CPU
		{F9D7926D-CB70-4101-9C83-918073CB7E55}.Release|x64.ActiveCfg = Release|Any CPU
		{F9D7926D-CB70-4101-9C83-918073CB7E55}.Release|x64.Build.0 = Release|Any CPU
		{F9D7926D-CB70-4101-9C83-918073CB7E55}.Release|x86.ActiveCfg = Release|Any CPU
		{F9D7926D-CB70-4101-9C83-918073CB7E55}.Release|x86.Build.0 = Release|Any CPU
		{C1073967-6B4B-4ACF-874D-A4EEB56AEE37}.Debug|Any CPU.ActiveCfg = Debug|Any CPU
		{C1073967-6B4B-4ACF-874D-A4EEB56AEE37}.Debug|Any CPU.Build.0 = Debug|Any CPU
		{C1073967-6B4B-4ACF-874D-A4EEB56AEE37}.Debug|ARM.ActiveCfg = Debug|Any CPU
		{C1073967-6B4B-4ACF-874D-A4EEB56AEE37}.Debug|ARM.Build.0 = Debug|Any CPU
		{C1073967-6B4B-4ACF-874D-A4EEB56AEE37}.Debug|ARM64.ActiveCfg = Debug|Any CPU
		{C1073967-6B4B-4ACF-874D-A4EEB56AEE37}.Debug|ARM64.Build.0 = Debug|Any CPU
		{C1073967-6B4B-4ACF-874D-A4EEB56AEE37}.Debug|x64.ActiveCfg = Debug|Any CPU
		{C1073967-6B4B-4ACF-874D-A4EEB56AEE37}.Debug|x64.Build.0 = Debug|Any CPU
		{C1073967-6B4B-4ACF-874D-A4EEB56AEE37}.Debug|x86.ActiveCfg = Debug|Any CPU
		{C1073967-6B4B-4ACF-874D-A4EEB56AEE37}.Debug|x86.Build.0 = Debug|Any CPU
		{C1073967-6B4B-4ACF-874D-A4EEB56AEE37}.Release|Any CPU.ActiveCfg = Release|Any CPU
		{C1073967-6B4B-4ACF-874D-A4EEB56AEE37}.Release|Any CPU.Build.0 = Release|Any CPU
		{C1073967-6B4B-4ACF-874D-A4EEB56AEE37}.Release|ARM.ActiveCfg = Release|Any CPU
		{C1073967-6B4B-4ACF-874D-A4EEB56AEE37}.Release|ARM.Build.0 = Release|Any CPU
		{C1073967-6B4B-4ACF-874D-A4EEB56AEE37}.Release|ARM64.ActiveCfg = Release|Any CPU
		{C1073967-6B4B-4ACF-874D-A4EEB56AEE37}.Release|ARM64.Build.0 = Release|Any CPU
		{C1073967-6B4B-4ACF-874D-A4EEB56AEE37}.Release|x64.ActiveCfg = Release|Any CPU
		{C1073967-6B4B-4ACF-874D-A4EEB56AEE37}.Release|x64.Build.0 = Release|Any CPU
		{C1073967-6B4B-4ACF-874D-A4EEB56AEE37}.Release|x86.ActiveCfg = Release|Any CPU
		{C1073967-6B4B-4ACF-874D-A4EEB56AEE37}.Release|x86.Build.0 = Release|Any CPU
	EndGlobalSection
	GlobalSection(SolutionProperties) = preSolution
		HideSolutionNode = FALSE
	EndGlobalSection
	GlobalSection(ExtensibilityGlobals) = postSolution
		SolutionGuid = {31784788-84F4-4112-AEC7-63B6C5586FCB}
	EndGlobalSection
EndGlobal
